
Microsoft Visual Studio Solution File, Format Version 12.00
# Visual Studio Version 17
VisualStudioVersion = 17.0.31903.59
MinimumVisualStudioVersion = 10.0.40219.1
Project("{9A19103F-16F7-4668-BE54-9A1E7A4F7556}") = "API", "API\API.csproj", "{71B617B0-1A8B-426F-BD6D-B0C5A4FC1E32}"
EndProject
Project("{FAE04EC0-301F-11D3-BF4B-00C04F79EFBC}") = "Core", "Core\Core.csproj", "{4815F0C1-520A-4184-A870-1079A52A608C}"
EndProject
Project("{FAE04EC0-301F-11D3-BF4B-00C04F79EFBC}") = "Infastrucure", "Infastrucure\Infastrucure.csproj", "{6C7B72EB-6B21-4C67-BB8C-15BC304F8E40}"
EndProject
Global
	GlobalSection(SolutionConfigurationPlatforms) = preSolution
		Debug|Any CPU = Debug|Any CPU
		Release|Any CPU = Release|Any CPU
	EndGlobalSection
	GlobalSection(ProjectConfigurationPlatforms) = postSolution
		{71B617B0-1A8B-426F-BD6D-B0C5A4FC1E32}.Debug|Any CPU.ActiveCfg = Debug|Any CPU
		{71B617B0-1A8B-426F-BD6D-B0C5A4FC1E32}.Debug|Any CPU.Build.0 = Debug|Any CPU
		{71B617B0-1A8B-426F-BD6D-B0C5A4FC1E32}.Release|Any CPU.ActiveCfg = Release|Any CPU
		{71B617B0-1A8B-426F-BD6D-B0C5A4FC1E32}.Release|Any CPU.Build.0 = Release|Any CPU
		{4815F0C1-520A-4184-A870-1079A52A608C}.Debug|Any CPU.ActiveCfg = Debug|Any CPU
		{4815F0C1-520A-4184-A870-1079A52A608C}.Debug|Any CPU.Build.0 = Debug|Any CPU
		{4815F0C1-520A-4184-A870-1079A52A608C}.Release|Any CPU.ActiveCfg = Release|Any CPU
		{4815F0C1-520A-4184-A870-1079A52A608C}.Release|Any CPU.Build.0 = Release|Any CPU
		{6C7B72EB-6B21-4C67-BB8C-15BC304F8E40}.Debug|Any CPU.ActiveCfg = Debug|Any CPU
		{6C7B72EB-6B21-4C67-BB8C-15BC304F8E40}.Debug|Any CPU.Build.0 = Debug|Any CPU
		{6C7B72EB-6B21-4C67-BB8C-15BC304F8E40}.Release|Any CPU.ActiveCfg = Release|Any CPU
		{6C7B72EB-6B21-4C67-BB8C-15BC304F8E40}.Release|Any CPU.Build.0 = Release|Any CPU
	EndGlobalSection
	GlobalSection(SolutionProperties) = preSolution
		HideSolutionNode = FALSE
	EndGlobalSection
	GlobalSection(ExtensibilityGlobals) = postSolution
		SolutionGuid = {DD4242DD-28A7-448A-8D28-9877EBB31782}
	EndGlobalSection
EndGlobal
